
Microsoft Visual Studio Solution File, Format Version 12.00
# Visual Studio Version 16
VisualStudioVersion = 25.0.1706.0
MinimumVisualStudioVersion = 10.0.40219.1
Project("{FAE04EC0-301F-11D3-BF4B-00C04F79EFBC}") = "Assignment 1", "Assignment 1\Assignment 1.csproj", "{2820680E-75BC-4CA3-9101-7C8F6C910818}"
EndProject
Global
	GlobalSection(SolutionConfigurationPlatforms) = preSolution
		Debug|Any CPU = Debug|Any CPU
		Release|Any CPU = Release|Any CPU
	EndGlobalSection
	GlobalSection(ProjectConfigurationPlatforms) = postSolution
		{2820680E-75BC-4CA3-9101-7C8F6C910818}.Debug|Any CPU.ActiveCfg = Debug|Any CPU
		{2820680E-75BC-4CA3-9101-7C8F6C910818}.Debug|Any CPU.Build.0 = Debug|Any CPU
		{2820680E-75BC-4CA3-9101-7C8F6C910818}.Release|Any CPU.ActiveCfg = Release|Any CPU
		{2820680E-75BC-4CA3-9101-7C8F6C910818}.Release|Any CPU.Build.0 = Release|Any CPU
	EndGlobalSection
	GlobalSection(SolutionProperties) = preSolution
		HideSolutionNode = FALSE
	EndGlobalSection
	GlobalSection(ExtensibilityGlobals) = postSolution
		SolutionGuid = {826A6CF2-7E43-4C55-B178-0CE5041B2737}
	EndGlobalSection
EndGlobal
