
Microsoft Visual Studio Solution File, Format Version 12.00
# Visual Studio Version 16
VisualStudioVersion = 25.0.1705.0
MinimumVisualStudioVersion = 10.0.40219.1
Project("{FAE04EC0-301F-11D3-BF4B-00C04F79EFBC}") = "Assignment 1", "Assignment 1\Assignment 1.csproj", "{A5E691AD-143E-4B91-A80D-13E656F8B900}"
EndProject
Project("{FAE04EC0-301F-11D3-BF4B-00C04F79EFBC}") = "Assignment 2", "Assignment 2\Assignment 2.csproj", "{2D0A4D01-6041-42D2-873E-93CE5F527CD6}"
EndProject
Global
	GlobalSection(SolutionConfigurationPlatforms) = preSolution
		Debug|Any CPU = Debug|Any CPU
		Release|Any CPU = Release|Any CPU
	EndGlobalSection
	GlobalSection(ProjectConfigurationPlatforms) = postSolution
		{A5E691AD-143E-4B91-A80D-13E656F8B900}.Debug|Any CPU.ActiveCfg = Debug|Any CPU
		{A5E691AD-143E-4B91-A80D-13E656F8B900}.Debug|Any CPU.Build.0 = Debug|Any CPU
		{A5E691AD-143E-4B91-A80D-13E656F8B900}.Release|Any CPU.ActiveCfg = Release|Any CPU
		{A5E691AD-143E-4B91-A80D-13E656F8B900}.Release|Any CPU.Build.0 = Release|Any CPU
		{2D0A4D01-6041-42D2-873E-93CE5F527CD6}.Debug|Any CPU.ActiveCfg = Debug|Any CPU
		{2D0A4D01-6041-42D2-873E-93CE5F527CD6}.Debug|Any CPU.Build.0 = Debug|Any CPU
		{2D0A4D01-6041-42D2-873E-93CE5F527CD6}.Release|Any CPU.ActiveCfg = Release|Any CPU
		{2D0A4D01-6041-42D2-873E-93CE5F527CD6}.Release|Any CPU.Build.0 = Release|Any CPU
	EndGlobalSection
	GlobalSection(SolutionProperties) = preSolution
		HideSolutionNode = FALSE
	EndGlobalSection
	GlobalSection(ExtensibilityGlobals) = postSolution
		SolutionGuid = {049375CB-CD10-4BE5-8846-ADEB780B23D7}
	EndGlobalSection
EndGlobal
