
Microsoft Visual Studio Solution File, Format Version 12.00
# Visual Studio Version 16
VisualStudioVersion = 25.0.1705.0
MinimumVisualStudioVersion = 10.0.40219.1
Project("{FAE04EC0-301F-11D3-BF4B-00C04F79EFBC}") = "Assignment2", "Assignment2\Assignment2.csproj", "{D8431D25-2340-4463-9721-61952CEE6460}"
EndProject
Project("{FAE04EC0-301F-11D3-BF4B-00C04F79EFBC}") = "Assignment2-2", "Assignment2-2\Assignment2-2.csproj", "{BBFDC0F3-EAFA-4264-B801-838DBD1D580D}"
EndProject
Project("{FAE04EC0-301F-11D3-BF4B-00C04F79EFBC}") = "Assignment2-3", "Assignment2-3\Assignment2-3.csproj", "{7961BD45-1BE6-44E8-9B8A-FDB96EFCE4FF}"
EndProject
Global
	GlobalSection(SolutionConfigurationPlatforms) = preSolution
		Debug|Any CPU = Debug|Any CPU
		Release|Any CPU = Release|Any CPU
	EndGlobalSection
	GlobalSection(ProjectConfigurationPlatforms) = postSolution
		{D8431D25-2340-4463-9721-61952CEE6460}.Debug|Any CPU.ActiveCfg = Debug|Any CPU
		{D8431D25-2340-4463-9721-61952CEE6460}.Debug|Any CPU.Build.0 = Debug|Any CPU
		{D8431D25-2340-4463-9721-61952CEE6460}.Release|Any CPU.ActiveCfg = Release|Any CPU
		{D8431D25-2340-4463-9721-61952CEE6460}.Release|Any CPU.Build.0 = Release|Any CPU
		{BBFDC0F3-EAFA-4264-B801-838DBD1D580D}.Debug|Any CPU.ActiveCfg = Debug|Any CPU
		{BBFDC0F3-EAFA-4264-B801-838DBD1D580D}.Debug|Any CPU.Build.0 = Debug|Any CPU
		{BBFDC0F3-EAFA-4264-B801-838DBD1D580D}.Release|Any CPU.ActiveCfg = Release|Any CPU
		{BBFDC0F3-EAFA-4264-B801-838DBD1D580D}.Release|Any CPU.Build.0 = Release|Any CPU
		{7961BD45-1BE6-44E8-9B8A-FDB96EFCE4FF}.Debug|Any CPU.ActiveCfg = Debug|Any CPU
		{7961BD45-1BE6-44E8-9B8A-FDB96EFCE4FF}.Debug|Any CPU.Build.0 = Debug|Any CPU
		{7961BD45-1BE6-44E8-9B8A-FDB96EFCE4FF}.Release|Any CPU.ActiveCfg = Release|Any CPU
		{7961BD45-1BE6-44E8-9B8A-FDB96EFCE4FF}.Release|Any CPU.Build.0 = Release|Any CPU
	EndGlobalSection
	GlobalSection(SolutionProperties) = preSolution
		HideSolutionNode = FALSE
	EndGlobalSection
	GlobalSection(ExtensibilityGlobals) = postSolution
		SolutionGuid = {4A8932AA-ED8B-4953-874C-38BA4D246F16}
	EndGlobalSection
EndGlobal
